
Microsoft Visual Studio Solution File, Format Version 12.00
# Visual Studio 14
VisualStudioVersion = 14.0.24720.0
MinimumVisualStudioVersion = 10.0.40219.1
Project("{FAE04EC0-301F-11D3-BF4B-00C04F79EFBC}") = "Day1", "Day1\Day1.csproj", "{A41CA04C-9592-4E28-80AD-184D641A828D}"
EndProject
Project("{FAE04EC0-301F-11D3-BF4B-00C04F79EFBC}") = "Day2", "Day2\Day2.csproj", "{963F2229-36F6-43B4-9A3E-40C6C43506D9}"
EndProject
Project("{FAE04EC0-301F-11D3-BF4B-00C04F79EFBC}") = "Day3", "Day3\Day3.csproj", "{CAD99C84-466C-4BAE-B1A1-B61EDE955E3F}"
EndProject
Project("{FAE04EC0-301F-11D3-BF4B-00C04F79EFBC}") = "Day4", "Day4\Day4.csproj", "{E7C953F2-017B-4FA5-8A4F-C7DC8F02C7B1}"
EndProject
Project("{FAE04EC0-301F-11D3-BF4B-00C04F79EFBC}") = "Day5", "Day5\Day5.csproj", "{E27F6378-A220-4A81-9FCC-5069232B9458}"
EndProject
Project("{FAE04EC0-301F-11D3-BF4B-00C04F79EFBC}") = "Day6", "Day6\Day6.csproj", "{8BD86BF5-AD06-47F4-9B57-979F106F3D44}"
EndProject
Project("{FAE04EC0-301F-11D3-BF4B-00C04F79EFBC}") = "Day7", "Day7\Day7.csproj", "{DF8CB2C9-7606-4AB4-AD50-4D96667FD096}"
EndProject
Project("{FAE04EC0-301F-11D3-BF4B-00C04F79EFBC}") = "Day8", "Day8\Day8.csproj", "{0817F69A-93D5-41B6-985D-CB7E48A74E34}"
EndProject
Project("{FAE04EC0-301F-11D3-BF4B-00C04F79EFBC}") = "Day9", "Day9\Day9.csproj", "{9914E1C2-D58F-4FC9-8A4B-8A76070CA969}"
EndProject
Project("{FAE04EC0-301F-11D3-BF4B-00C04F79EFBC}") = "Day10", "Day10\Day10.csproj", "{D77BEE5D-44E8-4217-A572-3E3EB10B6A37}"
EndProject
Project("{FAE04EC0-301F-11D3-BF4B-00C04F79EFBC}") = "Day11", "Day11\Day11.csproj", "{2F6270F9-A1E7-4754-99D9-63838F36B8A6}"
EndProject
Project("{FAE04EC0-301F-11D3-BF4B-00C04F79EFBC}") = "Day12", "Day12\Day12.csproj", "{1B5B1D8C-F8F4-44E1-A299-EF6688DCB428}"
EndProject
Project("{FAE04EC0-301F-11D3-BF4B-00C04F79EFBC}") = "Day13", "Day13\Day13.csproj", "{982B825D-36AC-4A87-845F-FB778776CA6B}"
EndProject
Project("{FAE04EC0-301F-11D3-BF4B-00C04F79EFBC}") = "Day14", "Day14\Day14.csproj", "{3101AAD4-C055-42B2-BE64-A8A91BE8B1E0}"
EndProject
Project("{FAE04EC0-301F-11D3-BF4B-00C04F79EFBC}") = "Day15", "Day15\Day15.csproj", "{750A7DF4-2DA9-46E6-A869-8CBC8B950FF3}"
EndProject
Project("{FAE04EC0-301F-11D3-BF4B-00C04F79EFBC}") = "Day16", "Day16\Day16.csproj", "{DAD1E885-7CB0-4DAC-AB1E-A893212620F2}"
EndProject
Project("{FAE04EC0-301F-11D3-BF4B-00C04F79EFBC}") = "Day17", "Day17\Day17.csproj", "{AAF47F70-5BB9-4FA9-8EAD-04B37038B845}"
EndProject
Global
	GlobalSection(SolutionConfigurationPlatforms) = preSolution
		Debug|Any CPU = Debug|Any CPU
		Debug|x86 = Debug|x86
		Release|Any CPU = Release|Any CPU
		Release|x86 = Release|x86
	EndGlobalSection
	GlobalSection(ProjectConfigurationPlatforms) = postSolution
		{A41CA04C-9592-4E28-80AD-184D641A828D}.Debug|Any CPU.ActiveCfg = Debug|x86
		{A41CA04C-9592-4E28-80AD-184D641A828D}.Debug|x86.ActiveCfg = Debug|x86
		{A41CA04C-9592-4E28-80AD-184D641A828D}.Debug|x86.Build.0 = Debug|x86
		{A41CA04C-9592-4E28-80AD-184D641A828D}.Release|Any CPU.ActiveCfg = Release|x86
		{A41CA04C-9592-4E28-80AD-184D641A828D}.Release|x86.ActiveCfg = Release|x86
		{A41CA04C-9592-4E28-80AD-184D641A828D}.Release|x86.Build.0 = Release|x86
		{963F2229-36F6-43B4-9A3E-40C6C43506D9}.Debug|Any CPU.ActiveCfg = Debug|x86
		{963F2229-36F6-43B4-9A3E-40C6C43506D9}.Debug|x86.ActiveCfg = Debug|x86
		{963F2229-36F6-43B4-9A3E-40C6C43506D9}.Debug|x86.Build.0 = Debug|x86
		{963F2229-36F6-43B4-9A3E-40C6C43506D9}.Release|Any CPU.ActiveCfg = Release|x86
		{963F2229-36F6-43B4-9A3E-40C6C43506D9}.Release|x86.ActiveCfg = Release|x86
		{963F2229-36F6-43B4-9A3E-40C6C43506D9}.Release|x86.Build.0 = Release|x86
		{CAD99C84-466C-4BAE-B1A1-B61EDE955E3F}.Debug|Any CPU.ActiveCfg = Debug|x86
		{CAD99C84-466C-4BAE-B1A1-B61EDE955E3F}.Debug|x86.ActiveCfg = Debug|x86
		{CAD99C84-466C-4BAE-B1A1-B61EDE955E3F}.Debug|x86.Build.0 = Debug|x86
		{CAD99C84-466C-4BAE-B1A1-B61EDE955E3F}.Release|Any CPU.ActiveCfg = Release|x86
		{CAD99C84-466C-4BAE-B1A1-B61EDE955E3F}.Release|x86.ActiveCfg = Release|x86
		{CAD99C84-466C-4BAE-B1A1-B61EDE955E3F}.Release|x86.Build.0 = Release|x86
		{E7C953F2-017B-4FA5-8A4F-C7DC8F02C7B1}.Debug|Any CPU.ActiveCfg = Debug|Any CPU
		{E7C953F2-017B-4FA5-8A4F-C7DC8F02C7B1}.Debug|Any CPU.Build.0 = Debug|Any CPU
		{E7C953F2-017B-4FA5-8A4F-C7DC8F02C7B1}.Debug|x86.ActiveCfg = Debug|Any CPU
		{E7C953F2-017B-4FA5-8A4F-C7DC8F02C7B1}.Debug|x86.Build.0 = Debug|Any CPU
		{E7C953F2-017B-4FA5-8A4F-C7DC8F02C7B1}.Release|Any CPU.ActiveCfg = Release|Any CPU
		{E7C953F2-017B-4FA5-8A4F-C7DC8F02C7B1}.Release|Any CPU.Build.0 = Release|Any CPU
		{E7C953F2-017B-4FA5-8A4F-C7DC8F02C7B1}.Release|x86.ActiveCfg = Release|Any CPU
		{E7C953F2-017B-4FA5-8A4F-C7DC8F02C7B1}.Release|x86.Build.0 = Release|Any CPU
		{E27F6378-A220-4A81-9FCC-5069232B9458}.Debug|Any CPU.ActiveCfg = Debug|Any CPU
		{E27F6378-A220-4A81-9FCC-5069232B9458}.Debug|Any CPU.Build.0 = Debug|Any CPU
		{E27F6378-A220-4A81-9FCC-5069232B9458}.Debug|x86.ActiveCfg = Debug|Any CPU
		{E27F6378-A220-4A81-9FCC-5069232B9458}.Debug|x86.Build.0 = Debug|Any CPU
		{E27F6378-A220-4A81-9FCC-5069232B9458}.Release|Any CPU.ActiveCfg = Release|Any CPU
		{E27F6378-A220-4A81-9FCC-5069232B9458}.Release|Any CPU.Build.0 = Release|Any CPU
		{E27F6378-A220-4A81-9FCC-5069232B9458}.Release|x86.ActiveCfg = Release|Any CPU
		{E27F6378-A220-4A81-9FCC-5069232B9458}.Release|x86.Build.0 = Release|Any CPU
		{8BD86BF5-AD06-47F4-9B57-979F106F3D44}.Debug|Any CPU.ActiveCfg = Debug|Any CPU
		{8BD86BF5-AD06-47F4-9B57-979F106F3D44}.Debug|Any CPU.Build.0 = Debug|Any CPU
		{8BD86BF5-AD06-47F4-9B57-979F106F3D44}.Debug|x86.ActiveCfg = Debug|Any CPU
		{8BD86BF5-AD06-47F4-9B57-979F106F3D44}.Debug|x86.Build.0 = Debug|Any CPU
		{8BD86BF5-AD06-47F4-9B57-979F106F3D44}.Release|Any CPU.ActiveCfg = Release|Any CPU
		{8BD86BF5-AD06-47F4-9B57-979F106F3D44}.Release|Any CPU.Build.0 = Release|Any CPU
		{8BD86BF5-AD06-47F4-9B57-979F106F3D44}.Release|x86.ActiveCfg = Release|Any CPU
		{8BD86BF5-AD06-47F4-9B57-979F106F3D44}.Release|x86.Build.0 = Release|Any CPU
		{DF8CB2C9-7606-4AB4-AD50-4D96667FD096}.Debug|Any CPU.ActiveCfg = Debug|Any CPU
		{DF8CB2C9-7606-4AB4-AD50-4D96667FD096}.Debug|Any CPU.Build.0 = Debug|Any CPU
		{DF8CB2C9-7606-4AB4-AD50-4D96667FD096}.Debug|x86.ActiveCfg = Debug|Any CPU
		{DF8CB2C9-7606-4AB4-AD50-4D96667FD096}.Debug|x86.Build.0 = Debug|Any CPU
		{DF8CB2C9-7606-4AB4-AD50-4D96667FD096}.Release|Any CPU.ActiveCfg = Release|Any CPU
		{DF8CB2C9-7606-4AB4-AD50-4D96667FD096}.Release|Any CPU.Build.0 = Release|Any CPU
		{DF8CB2C9-7606-4AB4-AD50-4D96667FD096}.Release|x86.ActiveCfg = Release|Any CPU
		{DF8CB2C9-7606-4AB4-AD50-4D96667FD096}.Release|x86.Build.0 = Release|Any CPU
		{0817F69A-93D5-41B6-985D-CB7E48A74E34}.Debug|Any CPU.ActiveCfg = Debug|Any CPU
		{0817F69A-93D5-41B6-985D-CB7E48A74E34}.Debug|Any CPU.Build.0 = Debug|Any CPU
		{0817F69A-93D5-41B6-985D-CB7E48A74E34}.Debug|x86.ActiveCfg = Debug|Any CPU
		{0817F69A-93D5-41B6-985D-CB7E48A74E34}.Debug|x86.Build.0 = Debug|Any CPU
		{0817F69A-93D5-41B6-985D-CB7E48A74E34}.Release|Any CPU.ActiveCfg = Release|Any CPU
		{0817F69A-93D5-41B6-985D-CB7E48A74E34}.Release|Any CPU.Build.0 = Release|Any CPU
		{0817F69A-93D5-41B6-985D-CB7E48A74E34}.Release|x86.ActiveCfg = Release|Any CPU
		{0817F69A-93D5-41B6-985D-CB7E48A74E34}.Release|x86.Build.0 = Release|Any CPU
		{9914E1C2-D58F-4FC9-8A4B-8A76070CA969}.Debug|Any CPU.ActiveCfg = Debug|Any CPU
		{9914E1C2-D58F-4FC9-8A4B-8A76070CA969}.Debug|Any CPU.Build.0 = Debug|Any CPU
		{9914E1C2-D58F-4FC9-8A4B-8A76070CA969}.Debug|x86.ActiveCfg = Debug|Any CPU
		{9914E1C2-D58F-4FC9-8A4B-8A76070CA969}.Debug|x86.Build.0 = Debug|Any CPU
		{9914E1C2-D58F-4FC9-8A4B-8A76070CA969}.Release|Any CPU.ActiveCfg = Release|Any CPU
		{9914E1C2-D58F-4FC9-8A4B-8A76070CA969}.Release|Any CPU.Build.0 = Release|Any CPU
		{9914E1C2-D58F-4FC9-8A4B-8A76070CA969}.Release|x86.ActiveCfg = Release|Any CPU
		{9914E1C2-D58F-4FC9-8A4B-8A76070CA969}.Release|x86.Build.0 = Release|Any CPU
		{D77BEE5D-44E8-4217-A572-3E3EB10B6A37}.Debug|Any CPU.ActiveCfg = Debug|Any CPU
		{D77BEE5D-44E8-4217-A572-3E3EB10B6A37}.Debug|Any CPU.Build.0 = Debug|Any CPU
		{D77BEE5D-44E8-4217-A572-3E3EB10B6A37}.Debug|x86.ActiveCfg = Debug|Any CPU
		{D77BEE5D-44E8-4217-A572-3E3EB10B6A37}.Debug|x86.Build.0 = Debug|Any CPU
		{D77BEE5D-44E8-4217-A572-3E3EB10B6A37}.Release|Any CPU.ActiveCfg = Release|Any CPU
		{D77BEE5D-44E8-4217-A572-3E3EB10B6A37}.Release|Any CPU.Build.0 = Release|Any CPU
		{D77BEE5D-44E8-4217-A572-3E3EB10B6A37}.Release|x86.ActiveCfg = Release|Any CPU
		{D77BEE5D-44E8-4217-A572-3E3EB10B6A37}.Release|x86.Build.0 = Release|Any CPU
		{2F6270F9-A1E7-4754-99D9-63838F36B8A6}.Debug|Any CPU.ActiveCfg = Debug|Any CPU
		{2F6270F9-A1E7-4754-99D9-63838F36B8A6}.Debug|Any CPU.Build.0 = Debug|Any CPU
		{2F6270F9-A1E7-4754-99D9-63838F36B8A6}.Debug|x86.ActiveCfg = Debug|Any CPU
		{2F6270F9-A1E7-4754-99D9-63838F36B8A6}.Debug|x86.Build.0 = Debug|Any CPU
		{2F6270F9-A1E7-4754-99D9-63838F36B8A6}.Release|Any CPU.ActiveCfg = Release|Any CPU
		{2F6270F9-A1E7-4754-99D9-63838F36B8A6}.Release|Any CPU.Build.0 = Release|Any CPU
		{2F6270F9-A1E7-4754-99D9-63838F36B8A6}.Release|x86.ActiveCfg = Release|Any CPU
		{2F6270F9-A1E7-4754-99D9-63838F36B8A6}.Release|x86.Build.0 = Release|Any CPU
		{1B5B1D8C-F8F4-44E1-A299-EF6688DCB428}.Debug|Any CPU.ActiveCfg = Debug|Any CPU
		{1B5B1D8C-F8F4-44E1-A299-EF6688DCB428}.Debug|Any CPU.Build.0 = Debug|Any CPU
		{1B5B1D8C-F8F4-44E1-A299-EF6688DCB428}.Debug|x86.ActiveCfg = Debug|Any CPU
		{1B5B1D8C-F8F4-44E1-A299-EF6688DCB428}.Debug|x86.Build.0 = Debug|Any CPU
		{1B5B1D8C-F8F4-44E1-A299-EF6688DCB428}.Release|Any CPU.ActiveCfg = Release|Any CPU
		{1B5B1D8C-F8F4-44E1-A299-EF6688DCB428}.Release|Any CPU.Build.0 = Release|Any CPU
		{1B5B1D8C-F8F4-44E1-A299-EF6688DCB428}.Release|x86.ActiveCfg = Release|Any CPU
		{1B5B1D8C-F8F4-44E1-A299-EF6688DCB428}.Release|x86.Build.0 = Release|Any CPU
		{982B825D-36AC-4A87-845F-FB778776CA6B}.Debug|Any CPU.ActiveCfg = Debug|Any CPU
		{982B825D-36AC-4A87-845F-FB778776CA6B}.Debug|Any CPU.Build.0 = Debug|Any CPU
		{982B825D-36AC-4A87-845F-FB778776CA6B}.Debug|x86.ActiveCfg = Debug|Any CPU
		{982B825D-36AC-4A87-845F-FB778776CA6B}.Debug|x86.Build.0 = Debug|Any CPU
		{982B825D-36AC-4A87-845F-FB778776CA6B}.Release|Any CPU.ActiveCfg = Release|Any CPU
		{982B825D-36AC-4A87-845F-FB778776CA6B}.Release|Any CPU.Build.0 = Release|Any CPU
		{982B825D-36AC-4A87-845F-FB778776CA6B}.Release|x86.ActiveCfg = Release|Any CPU
		{982B825D-36AC-4A87-845F-FB778776CA6B}.Release|x86.Build.0 = Release|Any CPU
		{3101AAD4-C055-42B2-BE64-A8A91BE8B1E0}.Debug|Any CPU.ActiveCfg = Debug|Any CPU
		{3101AAD4-C055-42B2-BE64-A8A91BE8B1E0}.Debug|Any CPU.Build.0 = Debug|Any CPU
		{3101AAD4-C055-42B2-BE64-A8A91BE8B1E0}.Debug|x86.ActiveCfg = Debug|Any CPU
		{3101AAD4-C055-42B2-BE64-A8A91BE8B1E0}.Debug|x86.Build.0 = Debug|Any CPU
		{3101AAD4-C055-42B2-BE64-A8A91BE8B1E0}.Release|Any CPU.ActiveCfg = Release|Any CPU
		{3101AAD4-C055-42B2-BE64-A8A91BE8B1E0}.Release|Any CPU.Build.0 = Release|Any CPU
		{3101AAD4-C055-42B2-BE64-A8A91BE8B1E0}.Release|x86.ActiveCfg = Release|Any CPU
		{3101AAD4-C055-42B2-BE64-A8A91BE8B1E0}.Release|x86.Build.0 = Release|Any CPU
		{750A7DF4-2DA9-46E6-A869-8CBC8B950FF3}.Debug|Any CPU.ActiveCfg = Debug|Any CPU
		{750A7DF4-2DA9-46E6-A869-8CBC8B950FF3}.Debug|Any CPU.Build.0 = Debug|Any CPU
		{750A7DF4-2DA9-46E6-A869-8CBC8B950FF3}.Debug|x86.ActiveCfg = Debug|Any CPU
		{750A7DF4-2DA9-46E6-A869-8CBC8B950FF3}.Debug|x86.Build.0 = Debug|Any CPU
		{750A7DF4-2DA9-46E6-A869-8CBC8B950FF3}.Release|Any CPU.ActiveCfg = Release|Any CPU
		{750A7DF4-2DA9-46E6-A869-8CBC8B950FF3}.Release|Any CPU.Build.0 = Release|Any CPU
		{750A7DF4-2DA9-46E6-A869-8CBC8B950FF3}.Release|x86.ActiveCfg = Release|Any CPU
		{750A7DF4-2DA9-46E6-A869-8CBC8B950FF3}.Release|x86.Build.0 = Release|Any CPU
		{DAD1E885-7CB0-4DAC-AB1E-A893212620F2}.Debug|Any CPU.ActiveCfg = Debug|Any CPU
		{DAD1E885-7CB0-4DAC-AB1E-A893212620F2}.Debug|Any CPU.Build.0 = Debug|Any CPU
		{DAD1E885-7CB0-4DAC-AB1E-A893212620F2}.Debug|x86.ActiveCfg = Debug|Any CPU
		{DAD1E885-7CB0-4DAC-AB1E-A893212620F2}.Debug|x86.Build.0 = Debug|Any CPU
		{DAD1E885-7CB0-4DAC-AB1E-A893212620F2}.Release|Any CPU.ActiveCfg = Release|Any CPU
		{DAD1E885-7CB0-4DAC-AB1E-A893212620F2}.Release|Any CPU.Build.0 = Release|Any CPU
		{DAD1E885-7CB0-4DAC-AB1E-A893212620F2}.Release|x86.ActiveCfg = Release|Any CPU
		{DAD1E885-7CB0-4DAC-AB1E-A893212620F2}.Release|x86.Build.0 = Release|Any CPU
		{AAF47F70-5BB9-4FA9-8EAD-04B37038B845}.Debug|Any CPU.ActiveCfg = Debug|Any CPU
		{AAF47F70-5BB9-4FA9-8EAD-04B37038B845}.Debug|Any CPU.Build.0 = Debug|Any CPU
		{AAF47F70-5BB9-4FA9-8EAD-04B37038B845}.Debug|x86.ActiveCfg = Debug|Any CPU
		{AAF47F70-5BB9-4FA9-8EAD-04B37038B845}.Debug|x86.Build.0 = Debug|Any CPU
		{AAF47F70-5BB9-4FA9-8EAD-04B37038B845}.Release|Any CPU.ActiveCfg = Release|Any CPU
		{AAF47F70-5BB9-4FA9-8EAD-04B37038B845}.Release|Any CPU.Build.0 = Release|Any CPU
		{AAF47F70-5BB9-4FA9-8EAD-04B37038B845}.Release|x86.ActiveCfg = Release|Any CPU
		{AAF47F70-5BB9-4FA9-8EAD-04B37038B845}.Release|x86.Build.0 = Release|Any CPU
	EndGlobalSection
	GlobalSection(SolutionProperties) = preSolution
		HideSolutionNode = FALSE
	EndGlobalSection
EndGlobal
